github.com/NateDuff/n8ha v0.0.0-20250207221700-54e30b5fcf32 h1:/OAUi1DONagCury2XfWtcU8T/luaaShCyMGaK1LX/V8=
github.com/NateDuff/n8ha v0.0.0-20250207221700-54e30b5fcf32/go.mod h1:xSeYQ3pbGKL6oW7HIU/HykRWh2WZYLSs7JaFYLS3hEw=
github.com/beldur/kraken-go-api-client v0.0.0-20240207163059-7469c489f802 h1:mXYTZ0H1xLm9CCsA+SdtHdjs9mAc83Zh75XL5j4Xpw0=
github.com/beldur/kraken-go-api-client v0.0.0-20240207163059-7469c489f802/go.mod h1:NtR1i+x0BHgyscUkgG1FlAokpIxNDKgLO3301OLxWt0=
github.com/eclipse/paho.mqtt.golang v1.5.0 h1:EH+bUVJNgttidWFkLLVKaQPGmkTUfQQqjOsyvMGvD6o=
github.com/eclipse/paho.mqtt.golang v1.5.0/go.mod h1:du/2qNQVqJf/Sqs4MEL77kR8QTqANF7XU7Fk0aOTAgk=
github.com/gorilla/websocket v1.4.0/go.mod h1:E7qHFY5m1UJ88s3WnNqhKjPHQ0heANvMoAMk2YaljkQ=
github.com/gorilla/websocket v1.5.3 h1:saDtZ6Pbx/0u+bgYQ3q96pZgCzfhKXGPqt7kZ72aNNg=
github.com/gorilla/websocket v1.5.3/go.mod h1:YR8l580nyteQvAITg2hZ9XVh4b55+EU/adAjf1fMHhE=
github.com/preichenberger/go-coinbasepro/v2 v2.1.0 h1:TOJ6zMtlN3KE/Qa0NgI6U6H5FyUNqLfMrVSq/J4Iitk=
github.com/preichenberger/go-coinbasepro/v2 v2.1.0/go.mod h1:tsiN/OFQ5FiE+T2i3r88GHDVvR/Jxkx+CGKw7JSYLrE=
golang.org/x/crypto v0.25.0 h1:ypSNr+bnYL2YhwoMt2zPxHFmbAN1KZs/njMG3hxUp30=
golang.org/x/crypto v0.25.0/go.mod h1:T+wALwcMOSE0kXgUAnPAHqTLW+XHgcELELW8VaDgm/M=
golang.org/x/net v0.27.0 h1:5K3Njcw06/l2y9vpGCSdcxWOYHOUk3dVNGDXN+FvAys=
golang.org/x/net v0.27.0/go.mod h1:dDi0PyhWNoiUOrAS8uXv/vnScO4wnHQO4mj9fn/RytE=
golang.org/x/sync v0.7.0 h1:YsImfSBoP9QPYL0xyKJPq0gcaJdG3rInoqxTWbfQu9M=
golang.org/x/sync v0.7.0/go.mod h1:Czt+wKu1gCyEFDUtn0jG5QVvpJ6rzVqr5aXyt9drQfk=
gopkg.in/go-jose/go-jose.v2 v2.6.3 h1:nt80fvSDlhKWQgSWyHyy5CfmlQr+asih51R8PTWNKKs=
gopkg.in/go-jose/go-jose.v2 v2.6.3/go.mod h1:zzZDPkNNw/c9IE7Z9jr11mBZQhKQTMzoEEIoEdZlFBI=
